
Microsoft Visual Studio Solution File, Format Version 12.00
# Visual Studio Version 17
VisualStudioVersion = 17.9.34728.123
MinimumVisualStudioVersion = 10.0.40219.1
Project("{FAE04EC0-301F-11D3-BF4B-00C04F79EFBC}") = "StudentDataGetterApp", "StudentDataGetterApp.csproj", "{CE475203-DD99-4CAD-A592-F787AA938000}"
EndProject
Global
	GlobalSection(SolutionConfigurationPlatforms) = preSolution
		Debug|Any CPU = Debug|Any CPU
		Release|Any CPU = Release|Any CPU
	EndGlobalSection
	GlobalSection(ProjectConfigurationPlatforms) = postSolution
		{CE475203-DD99-4CAD-A592-F787AA938000}.Debug|Any CPU.ActiveCfg = Debug|Any CPU
		{CE475203-DD99-4CAD-A592-F787AA938000}.Debug|Any CPU.Build.0 = Debug|Any CPU
		{CE475203-DD99-4CAD-A592-F787AA938000}.Release|Any CPU.ActiveCfg = Release|Any CPU
		{CE475203-DD99-4CAD-A592-F787AA938000}.Release|Any CPU.Build.0 = Release|Any CPU
	EndGlobalSection
	GlobalSection(SolutionProperties) = preSolution
		HideSolutionNode = FALSE
	EndGlobalSection
	GlobalSection(ExtensibilityGlobals) = postSolution
		SolutionGuid = {7FB6E48B-7F11-42AA-B3AC-885C0778B535}
	EndGlobalSection
EndGlobal
